
Microsoft Visual Studio Solution File, Format Version 12.00
# Visual Studio Express 2013 for Windows Desktop
VisualStudioVersion = 12.0.21005.1
MinimumVisualStudioVersion = 10.0.40219.1
Project("{FAE04EC0-301F-11D3-BF4B-00C04F79EFBC}") = "ESCore", "ESCore\ESCore.csproj", "{274A29CB-D859-477C-AA37-DD03E309259A}"
EndProject
Project("{FAE04EC0-301F-11D3-BF4B-00C04F79EFBC}") = "UIForm", "UIForm\UIForm.csproj", "{BAE4679C-F877-4F69-8CC7-7279CE76CE88}"
EndProject
Global
	GlobalSection(SolutionConfigurationPlatforms) = preSolution
		Debug|Any CPU = Debug|Any CPU
		Release|Any CPU = Release|Any CPU
	EndGlobalSection
	GlobalSection(ProjectConfigurationPlatforms) = postSolution
		{274A29CB-D859-477C-AA37-DD03E309259A}.Debug|Any CPU.ActiveCfg = Debug|Any CPU
		{274A29CB-D859-477C-AA37-DD03E309259A}.Debug|Any CPU.Build.0 = Debug|Any CPU
		{274A29CB-D859-477C-AA37-DD03E309259A}.Release|Any CPU.ActiveCfg = Release|Any CPU
		{274A29CB-D859-477C-AA37-DD03E309259A}.Release|Any CPU.Build.0 = Release|Any CPU
		{BAE4679C-F877-4F69-8CC7-7279CE76CE88}.Debug|Any CPU.ActiveCfg = Debug|Any CPU
		{BAE4679C-F877-4F69-8CC7-7279CE76CE88}.Debug|Any CPU.Build.0 = Debug|Any CPU
		{BAE4679C-F877-4F69-8CC7-7279CE76CE88}.Release|Any CPU.ActiveCfg = Release|Any CPU
		{BAE4679C-F877-4F69-8CC7-7279CE76CE88}.Release|Any CPU.Build.0 = Release|Any CPU
	EndGlobalSection
	GlobalSection(SolutionProperties) = preSolution
		HideSolutionNode = FALSE
	EndGlobalSection
EndGlobal
